
Microsoft Visual Studio Solution File, Format Version 12.00
# Visual Studio Version 17
VisualStudioVersion = 17.9.34701.34
MinimumVisualStudioVersion = 10.0.40219.1
Project("{FAE04EC0-301F-11D3-BF4B-00C04F79EFBC}") = "Delegate, Action, Function, Predicate 2", "Delegate, Action, Function, Predicate 2\Delegate, Action, Function, Predicate 2.csproj", "{5098D101-B473-4B26-834E-A3743681398D}"
EndProject
Global
	GlobalSection(SolutionConfigurationPlatforms) = preSolution
		Debug|Any CPU = Debug|Any CPU
		Release|Any CPU = Release|Any CPU
	EndGlobalSection
	GlobalSection(ProjectConfigurationPlatforms) = postSolution
		{5098D101-B473-4B26-834E-A3743681398D}.Debug|Any CPU.ActiveCfg = Debug|Any CPU
		{5098D101-B473-4B26-834E-A3743681398D}.Debug|Any CPU.Build.0 = Debug|Any CPU
		{5098D101-B473-4B26-834E-A3743681398D}.Release|Any CPU.ActiveCfg = Release|Any CPU
		{5098D101-B473-4B26-834E-A3743681398D}.Release|Any CPU.Build.0 = Release|Any CPU
	EndGlobalSection
	GlobalSection(SolutionProperties) = preSolution
		HideSolutionNode = FALSE
	EndGlobalSection
	GlobalSection(ExtensibilityGlobals) = postSolution
		SolutionGuid = {9F673D52-5CE3-476F-B730-C526FB1D86AC}
	EndGlobalSection
EndGlobal
